PODS:
  - Flutter (1.0.0)
  - OpenCV (4.3.0)

DEPENDENCIES:
  - Flutter (from `Flutter`)
  - OpenCV

SPEC REPOS:
  trunk:
    - OpenCV

EXTERNAL SOURCES:
  Flutter:
    :path: Flutter

SPEC CHECKSUMS:
  Flutter: e0871f40cf51350855a761d2e70bf5af5b9b5de7
  OpenCV: 681e0451c1e54c5930a8922277f817ed5d5ab459

PODFILE CHECKSUM: 8a2765d4f456e9335c7c19f0eed27779661db5de

COCOAPODS: 1.15.2
